
Microsoft Visual Studio Solution File, Format Version 12.00
# Visual Studio Version 17
VisualStudioVersion = 17.6.33815.320
MinimumVisualStudioVersion = 10.0.40219.1
Project("{FAE04EC0-301F-11D3-BF4B-00C04F79EFBC}") = "VandepoeleEnzo_TD02", "VandepoeleEnzo_TD02\VandepoeleEnzo_TD02.csproj", "{DDF540A4-A0BB-4E04-95D0-80CCBD5BCDF9}"
EndProject
Global
	GlobalSection(SolutionConfigurationPlatforms) = preSolution
		Debug|Any CPU = Debug|Any CPU
		Release|Any CPU = Release|Any CPU
	EndGlobalSection
	GlobalSection(ProjectConfigurationPlatforms) = postSolution
		{DDF540A4-A0BB-4E04-95D0-80CCBD5BCDF9}.Debug|Any CPU.ActiveCfg = Debug|Any CPU
		{DDF540A4-A0BB-4E04-95D0-80CCBD5BCDF9}.Debug|Any CPU.Build.0 = Debug|Any CPU
		{DDF540A4-A0BB-4E04-95D0-80CCBD5BCDF9}.Release|Any CPU.ActiveCfg = Release|Any CPU
		{DDF540A4-A0BB-4E04-95D0-80CCBD5BCDF9}.Release|Any CPU.Build.0 = Release|Any CPU
	EndGlobalSection
	GlobalSection(SolutionProperties) = preSolution
		HideSolutionNode = FALSE
	EndGlobalSection
	GlobalSection(ExtensibilityGlobals) = postSolution
		SolutionGuid = {6A79C229-A6E8-4C2B-894B-7D9660978F81}
	EndGlobalSection
EndGlobal
